<Solution>
  <Folder Name="/src/">
    <Project Path="src/CpcLevelEditor.Domain/CpcLevelEditor.Domain.csproj" />
    <Project Path="src/CpcLevelEditor.Exporters/CpcLevelEditor.Exporters.csproj" />
  </Folder>
  <Folder Name="/tests/">
    <Project Path="tests/CpcLevelEditor.Tests/CpcLevelEditor.Tests.csproj" />
  </Folder>
</Solution>
